
Microsoft Visual Studio Solution File, Format Version 12.00
# Visual Studio Version 17
VisualStudioVersion = 17.9.34723.18
MinimumVisualStudioVersion = 10.0.40219.1
Project("{FAE04EC0-301F-11D3-BF4B-00C04F79EFBC}") = "Garage-Homework-Encapsulation", "Garage-Homework-Encapsulation\Garage-Homework-Encapsulation.csproj", "{93B82CDD-9C6D-47BF-B515-3E556CDB75BA}"
EndProject
Global
	GlobalSection(SolutionConfigurationPlatforms) = preSolution
		Debug|Any CPU = Debug|Any CPU
		Release|Any CPU = Release|Any CPU
	EndGlobalSection
	GlobalSection(ProjectConfigurationPlatforms) = postSolution
		{93B82CDD-9C6D-47BF-B515-3E556CDB75BA}.Debug|Any CPU.ActiveCfg = Debug|Any CPU
		{93B82CDD-9C6D-47BF-B515-3E556CDB75BA}.Debug|Any CPU.Build.0 = Debug|Any CPU
		{93B82CDD-9C6D-47BF-B515-3E556CDB75BA}.Release|Any CPU.ActiveCfg = Release|Any CPU
		{93B82CDD-9C6D-47BF-B515-3E556CDB75BA}.Release|Any CPU.Build.0 = Release|Any CPU
	EndGlobalSection
	GlobalSection(SolutionProperties) = preSolution
		HideSolutionNode = FALSE
	EndGlobalSection
	GlobalSection(ExtensibilityGlobals) = postSolution
		SolutionGuid = {965C3F9B-D280-40E6-A610-94BD6D027AE1}
	EndGlobalSection
EndGlobal
